
Microsoft Visual Studio Solution File, Format Version 12.00
# Visual Studio 2012
Project("{FAE04EC0-301F-11D3-BF4B-00C04F79EFBC}") = "MicroLite.Extensions.Mvc", "MicroLite.Extensions.Mvc\MicroLite.Extensions.Mvc.NET40.csproj", "{14DE51D4-3029-441D-B001-555660EB065D}"
EndProject
Project("{FAE04EC0-301F-11D3-BF4B-00C04F79EFBC}") = "MicroLite.Extensions.Mvc.Tests", "MicroLite.Extensions.Mvc.Tests\MicroLite.Extensions.Mvc.Tests.NET40.csproj", "{3973DD15-AB08-4BC7-A883-9BD202523EAD}"
EndProject
Project("{2150E333-8FDC-42A3-9474-1A3956D46DE8}") = ".nuget", ".nuget", "{5732B479-EBBA-4E29-9890-8AB5C05685C8}"
	ProjectSection(SolutionItems) = preProject
		.nuget\NuGet.Config = .nuget\NuGet.Config
		.nuget\NuGet.exe = .nuget\NuGet.exe
		.nuget\NuGet.targets = .nuget\NuGet.targets
		.nuget\packages.config = .nuget\packages.config
	EndProjectSection
EndProject
Global
	GlobalSection(SolutionConfigurationPlatforms) = preSolution
		Debug|Any CPU = Debug|Any CPU
		Release|Any CPU = Release|Any CPU
	EndGlobalSection
	GlobalSection(ProjectConfigurationPlatforms) = postSolution
		{14DE51D4-3029-441D-B001-555660EB065D}.Debug|Any CPU.ActiveCfg = Debug|Any CPU
		{14DE51D4-3029-441D-B001-555660EB065D}.Debug|Any CPU.Build.0 = Debug|Any CPU
		{14DE51D4-3029-441D-B001-555660EB065D}.Release|Any CPU.ActiveCfg = Release|Any CPU
		{14DE51D4-3029-441D-B001-555660EB065D}.Release|Any CPU.Build.0 = Release|Any CPU
		{3973DD15-AB08-4BC7-A883-9BD202523EAD}.Debug|Any CPU.ActiveCfg = Debug|Any CPU
		{3973DD15-AB08-4BC7-A883-9BD202523EAD}.Debug|Any CPU.Build.0 = Debug|Any CPU
		{3973DD15-AB08-4BC7-A883-9BD202523EAD}.Release|Any CPU.ActiveCfg = Release|Any CPU
		{3973DD15-AB08-4BC7-A883-9BD202523EAD}.Release|Any CPU.Build.0 = Release|Any CPU
	EndGlobalSection
	GlobalSection(SolutionProperties) = preSolution
		HideSolutionNode = FALSE
	EndGlobalSection
EndGlobal
